{
  "name": "streams",
  "version": "1.0.0",
  "lockfileVersion": 1,
  "requires": true,
  "dependencies": {
    "@ffmpeg-installer/darwin-x64": {
      "version": "4.0.4",
      "resolved": "https://registry.npmjs.org/@ffmpeg-installer/darwin-x64/-/darwin-x64-4.0.4.tgz",
      "integrity": "sha512-P9pP69Q9jEtplqWYJKi1phiSmKQ/ETZUTSDDcCaTy5fn0+rXZAEOEWCUByz8fYtFChLuhuVPfgUf2+51xgS5nA==",
      "dev": true,
      "optional": true
    },
    "@ffmpeg-installer/ffmpeg": {
      "version": "1.0.13",
      "resolved": "https://registry.npmjs.org/@ffmpeg-installer/ffmpeg/-/ffmpeg-1.0.13.tgz",
      "integrity": "sha512-56yZqvR/4H4roMEgADrs6hpTgApemK7V7rZNaZSnXwi7BxEW7CL4S/RxvHHxVNg01SY9vmd0pMYnWcFfZ63MMw==",
      "dev": true,
      "requires": {
        "@ffmpeg-installer/darwin-x64": "4.0.4",
        "@ffmpeg-installer/linux-ia32": "4.0.3",
        "@ffmpeg-installer/linux-x64": "4.0.3",
        "@ffmpeg-installer/win32-ia32": "4.0.3",
        "@ffmpeg-installer/win32-x64": "4.0.2"
      }
    },
    "@ffmpeg-installer/linux-ia32": {
      "version": "4.0.3",
      "resolved": "https://registry.npmjs.org/@ffmpeg-installer/linux-ia32/-/linux-ia32-4.0.3.tgz",
      "integrity": "sha512-3I0lxO7+uQ2UxFKd0hRGJ1sTX32wHdaY2a088xHUj3ACZX2Oi3DUO7Ek8pqHT8/pdu2czS028Ci1ssVWjgx2Og==",
      "dev": true,
      "optional": true
    },
    "@ffmpeg-installer/linux-x64": {
      "version": "4.0.3",
      "resolved": "https://registry.npmjs.org/@ffmpeg-installer/linux-x64/-/linux-x64-4.0.3.tgz",
      "integrity": "sha512-AFXqk+KV4G9WTfYIE0E+2yV9+6s2d4lsr+3jmnKbLZcdMsxQ4JrCn1UFo23xtI+teefX3ll0JXmMhmasWx69Kw==",
      "dev": true,
      "optional": true
    },
    "@ffmpeg-installer/win32-ia32": {
      "version": "4.0.3",
      "resolved": "https://registry.npmjs.org/@ffmpeg-installer/win32-ia32/-/win32-ia32-4.0.3.tgz",
      "integrity": "sha512-/DWLCd5Q7Dms1W1FRxB8Nww5eulHP41+5jAk/XNIzGAA66kd+6wzQcmAvqp9Bpi+gdWAifXCGqY/QibP3mKo9A==",
      "dev": true,
      "optional": true
    },
    "@ffmpeg-installer/win32-x64": {
      "version": "4.0.2",
      "resolved": "https://registry.npmjs.org/@ffmpeg-installer/win32-x64/-/win32-x64-4.0.2.tgz",
      "integrity": "sha512-2gWyyB2aKM/6BDC2aR9BNFD/eA6j04DOCDWigGLQ82nA6wppM+zAO6Kww76HHo2mM9ljRrz4Lw4Ot8Zbogoj0g==",
      "dev": true,
      "optional": true
    }
  }
}
